
Microsoft Visual Studio Solution File, Format Version 12.00
# Visual Studio Version 17
VisualStudioVersion = 17.8.34525.116
MinimumVisualStudioVersion = 10.0.40219.1
Project("{9A19103F-16F7-4668-BE54-9A1E7A4F7556}") = "MakingOperatingSystemWithCosmosKernel", "MakingOperatingSystemWithCosmosKernel\MakingOperatingSystemWithCosmosKernel.csproj", "{EB03C7D5-B4A3-4F0F-B34C-282B19C05396}"
EndProject
Global
	GlobalSection(SolutionConfigurationPlatforms) = preSolution
		Debug|Any CPU = Debug|Any CPU
		Release|Any CPU = Release|Any CPU
	EndGlobalSection
	GlobalSection(ProjectConfigurationPlatforms) = postSolution
		{EB03C7D5-B4A3-4F0F-B34C-282B19C05396}.Debug|Any CPU.ActiveCfg = Debug|Any CPU
		{EB03C7D5-B4A3-4F0F-B34C-282B19C05396}.Debug|Any CPU.Build.0 = Debug|Any CPU
		{EB03C7D5-B4A3-4F0F-B34C-282B19C05396}.Release|Any CPU.ActiveCfg = Release|Any CPU
		{EB03C7D5-B4A3-4F0F-B34C-282B19C05396}.Release|Any CPU.Build.0 = Release|Any CPU
	EndGlobalSection
	GlobalSection(SolutionProperties) = preSolution
		HideSolutionNode = FALSE
	EndGlobalSection
	GlobalSection(ExtensibilityGlobals) = postSolution
		SolutionGuid = {6B5B46EC-026A-49CB-BD0B-54C48C46C24A}
	EndGlobalSection
EndGlobal
